
Microsoft Visual Studio Solution File, Format Version 10.00
# Visual C++ Express 2008
Project("{8BC9CEB8-8B4A-11D0-8D11-00A0C91BC942}") = "plcm", "plcm\plcm.vcproj", "{F5A6FD81-836C-4442-8DB3-0DBE1F8F649B}"
	ProjectSection(ProjectDependencies) = postProject
		{DD8C5479-961A-481F-8B50-A83DD48C7560} = {DD8C5479-961A-481F-8B50-A83DD48C7560}
	EndProjectSection
EndProject
Project("{8BC9CEB8-8B4A-11D0-8D11-00A0C91BC942}") = "resdll", "resdll\resdll.vcproj", "{DD8C5479-961A-481F-8B50-A83DD48C7560}"
EndProject
Global
	GlobalSection(SolutionConfigurationPlatforms) = preSolution
		74Ett_Release|Win32 = 74Ett_Release|Win32
		74Ett_SimuCN|Win32 = 74Ett_SimuCN|Win32
		74Ett_SimuPC|Win32 = 74Ett_SimuPC|Win32
		80Ett_Release|Win32 = 80Ett_Release|Win32
		80Ett_SimuCN|Win32 = 80Ett_SimuCN|Win32
		80Ett_SimuPC|Win32 = 80Ett_SimuPC|Win32
		EttoreRelease|Win32 = EttoreRelease|Win32
		EttoreSimuCN|Win32 = EttoreSimuCN|Win32
		EttoreSimuPC|Win32 = EttoreSimuPC|Win32
	EndGlobalSection
	GlobalSection(ProjectConfigurationPlatforms) = postSolution
		{F5A6FD81-836C-4442-8DB3-0DBE1F8F649B}.74Ett_Release|Win32.ActiveCfg = 74EttoreRelease|Win32
		{F5A6FD81-836C-4442-8DB3-0DBE1F8F649B}.74Ett_Release|Win32.Build.0 = 74EttoreRelease|Win32
		{F5A6FD81-836C-4442-8DB3-0DBE1F8F649B}.74Ett_SimuCN|Win32.ActiveCfg = 74EttoreSimuCN|Win32
		{F5A6FD81-836C-4442-8DB3-0DBE1F8F649B}.74Ett_SimuCN|Win32.Build.0 = 74EttoreSimuCN|Win32
		{F5A6FD81-836C-4442-8DB3-0DBE1F8F649B}.74Ett_SimuPC|Win32.ActiveCfg = 74EttoreSimuPC|Win32
		{F5A6FD81-836C-4442-8DB3-0DBE1F8F649B}.74Ett_SimuPC|Win32.Build.0 = 74EttoreSimuPC|Win32
		{F5A6FD81-836C-4442-8DB3-0DBE1F8F649B}.80Ett_Release|Win32.ActiveCfg = 80EttoreSimuPC|Win32
		{F5A6FD81-836C-4442-8DB3-0DBE1F8F649B}.80Ett_Release|Win32.Build.0 = 80EttoreSimuPC|Win32
		{F5A6FD81-836C-4442-8DB3-0DBE1F8F649B}.80Ett_SimuCN|Win32.ActiveCfg = 80EttoreSimuPC|Win32
		{F5A6FD81-836C-4442-8DB3-0DBE1F8F649B}.80Ett_SimuCN|Win32.Build.0 = 80EttoreSimuPC|Win32
		{F5A6FD81-836C-4442-8DB3-0DBE1F8F649B}.80Ett_SimuPC|Win32.ActiveCfg = 80EttoreSimuPC|Win32
		{F5A6FD81-836C-4442-8DB3-0DBE1F8F649B}.80Ett_SimuPC|Win32.Build.0 = 80EttoreSimuPC|Win32
		{F5A6FD81-836C-4442-8DB3-0DBE1F8F649B}.EttoreRelease|Win32.ActiveCfg = EttoreRelease|Win32
		{F5A6FD81-836C-4442-8DB3-0DBE1F8F649B}.EttoreRelease|Win32.Build.0 = EttoreRelease|Win32
		{F5A6FD81-836C-4442-8DB3-0DBE1F8F649B}.EttoreSimuCN|Win32.ActiveCfg = EttoreSimuCN|Win32
		{F5A6FD81-836C-4442-8DB3-0DBE1F8F649B}.EttoreSimuCN|Win32.Build.0 = EttoreSimuCN|Win32
		{F5A6FD81-836C-4442-8DB3-0DBE1F8F649B}.EttoreSimuPC|Win32.ActiveCfg = EttoreSimuPC|Win32
		{F5A6FD81-836C-4442-8DB3-0DBE1F8F649B}.EttoreSimuPC|Win32.Build.0 = EttoreSimuPC|Win32
		{DD8C5479-961A-481F-8B50-A83DD48C7560}.74Ett_Release|Win32.ActiveCfg = 74EttoreRelease|Win32
		{DD8C5479-961A-481F-8B50-A83DD48C7560}.74Ett_Release|Win32.Build.0 = 74EttoreRelease|Win32
		{DD8C5479-961A-481F-8B50-A83DD48C7560}.74Ett_SimuCN|Win32.ActiveCfg = 74EttoreSimuCN|Win32
		{DD8C5479-961A-481F-8B50-A83DD48C7560}.74Ett_SimuCN|Win32.Build.0 = 74EttoreSimuCN|Win32
		{DD8C5479-961A-481F-8B50-A83DD48C7560}.74Ett_SimuPC|Win32.ActiveCfg = 74EttoreSimuPC|Win32
		{DD8C5479-961A-481F-8B50-A83DD48C7560}.74Ett_SimuPC|Win32.Build.0 = 74EttoreSimuPC|Win32
		{DD8C5479-961A-481F-8B50-A83DD48C7560}.80Ett_Release|Win32.ActiveCfg = 80EttoreSimuPC|Win32
		{DD8C5479-961A-481F-8B50-A83DD48C7560}.80Ett_Release|Win32.Build.0 = 80EttoreSimuPC|Win32
		{DD8C5479-961A-481F-8B50-A83DD48C7560}.80Ett_SimuCN|Win32.ActiveCfg = 80EttoreSimuPC|Win32
		{DD8C5479-961A-481F-8B50-A83DD48C7560}.80Ett_SimuCN|Win32.Build.0 = 80EttoreSimuPC|Win32
		{DD8C5479-961A-481F-8B50-A83DD48C7560}.80Ett_SimuPC|Win32.ActiveCfg = 80EttoreSimuPC|Win32
		{DD8C5479-961A-481F-8B50-A83DD48C7560}.80Ett_SimuPC|Win32.Build.0 = 80EttoreSimuPC|Win32
		{DD8C5479-961A-481F-8B50-A83DD48C7560}.EttoreRelease|Win32.ActiveCfg = EttoreRelease|Win32
		{DD8C5479-961A-481F-8B50-A83DD48C7560}.EttoreRelease|Win32.Build.0 = EttoreRelease|Win32
		{DD8C5479-961A-481F-8B50-A83DD48C7560}.EttoreSimuCN|Win32.ActiveCfg = EttoreSimuCN|Win32
		{DD8C5479-961A-481F-8B50-A83DD48C7560}.EttoreSimuCN|Win32.Build.0 = EttoreSimuCN|Win32
		{DD8C5479-961A-481F-8B50-A83DD48C7560}.EttoreSimuPC|Win32.ActiveCfg = EttoreSimuPC|Win32
		{DD8C5479-961A-481F-8B50-A83DD48C7560}.EttoreSimuPC|Win32.Build.0 = EttoreSimuPC|Win32
	EndGlobalSection
	GlobalSection(SolutionProperties) = preSolution
		HideSolutionNode = FALSE
	EndGlobalSection
	GlobalSection(DPCodeReviewSolutionGUID) = preSolution
		DPCodeReviewSolutionGUID = {00000000-0000-0000-0000-000000000000}
	EndGlobalSection
EndGlobal
